{
  "name": "codekit-project",
  "version": "1.0.0",
  "lockfileVersion": 1,
  "requires": true,
  "dependencies": {
    "@fancyapps/ui": {
      "version": "4.0.12",
      "resolved": "https://registry.npmjs.org/@fancyapps/ui/-/ui-4.0.12.tgz",
      "integrity": "sha512-S7au4OqkuplceT7nJmu7+IwQapPrg3/nHZ1cJVtE1ewj9PUnt4R6T6k2x7uPyI/DRCUj78fXMpNcm8fLMQpE2g=="
    },
    "gsap": {
      "version": "3.9.1",
      "resolved": "https://registry.npmjs.org/gsap/-/gsap-3.9.1.tgz",
      "integrity": "sha512-JSGVYoC6da4pIjdF/yxFU6Rz8OojOIDkbooveZlfNg0+JIoFoRruyfWAEi6R/gUeNcuOiTqUIb0gi1nCNrHf8w=="
    }
  }
}
